// !$*UTF8*$!
{
	archiveVersion = 1;
	classes = {
	};
	objectVersion = 56;
	objects = {

/* Begin PBXBuildFile section */
		BCCA695E28E546EE00BE7378 /* AWNotes Watch App.app in Embed Watch Content */ = {isa = PBXBuildFile; fileRef = BCCA695D28E546EE00BE7378 /* AWNotes Watch App.app */; settings = {ATTRIBUTES = (RemoveHeadersOnCopy, ); }; };
		BCCA696328E546EE00BE7378 /* AWNotesApp.swift in Sources */ = {isa = PBXBuildFile; fileRef = BCCA696228E546EE00BE7378 /* AWNotesApp.swift */; };
		BCCA696528E546EE00BE7378 /* ContentView.swift in Sources */ = {isa = PBXBuildFile; fileRef = BCCA696428E546EE00BE7378 /* ContentView.swift */; };
		BCCA696728E546F100BE7378 /* Assets.xcassets in Resources */ = {isa = PBXBuildFile; fileRef = BCCA696628E546F100BE7378 /* Assets.xcassets */; };
		BCCA696A28E546F100BE7378 /* Preview Assets.xcassets in Resources */ = {isa = PBXBuildFile; fileRef = BCCA696928E546F100BE7378 /* Preview Assets.xcassets */; };
		BCCA697528E54C1100BE7378 /* Note.swift in Sources */ = {isa = PBXBuildFile; fileRef = BCCA697428E54C1100BE7378 /* Note.swift */; };
		BCCA697728E54DC000BE7378 /* AddNote.swift in Sources */ = {isa = PBXBuildFile; fileRef = BCCA697628E54DC000BE7378 /* AddNote.swift */; };
/* End PBXBuildFile section */

/* Begin PBXContainerItemProxy section */
		BCCA695F28E546EE00BE7378 /* PBXContainerItemProxy */ = {
			isa = PBXContainerItemProxy;
			containerPortal = BCCA695128E546ED00BE7378 /* Project object */;
			proxyType = 1;
			remoteGlobalIDString = BCCA695C28E546EE00BE7378;
			remoteInfo = "AWNotes Watch App";
		};
/* End PBXContainerItemProxy section */

/* Begin PBXCopyFilesBuildPhase section */
		BCCA697028E546F100BE7378 /* Embed Watch Content */ = {
			isa = PBXCopyFilesBuildPhase;
			buildActionMask = 2147483647;
			dstPath = "$(CONTENTS_FOLDER_PATH)/Watch";
			dstSubfolderSpec = 16;
			files = (
				BCCA695E28E546EE00BE7378 /* AWNotes Watch App.app in Embed Watch Content */,
			);
			name = "Embed Watch Content";
			runOnlyForDeploymentPostprocessing = 0;
		};
/* End PBXCopyFilesBuildPhase section */

/* Begin PBXFileReference section */
		BCCA695728E546EE00BE7378 /* AWNotes.app */ = {isa = PBXFileReference; explicitFileType = wrapper.application; includeInIndex = 0; path = AWNotes.app; sourceTree = BUILT_PRODUCTS_DIR; };
		BCCA695D28E546EE00BE7378 /* AWNotes Watch App.app */ = {isa = PBXFileReference; explicitFileType = wrapper.application; includeInIndex = 0; path = "AWNotes Watch App.app"; sourceTree = BUILT_PRODUCTS_DIR; };
		BCCA696228E546EE00BE7378 /* AWNotesApp.swift */ = {isa = PBXFileReference; lastKnownFileType = sourcecode.swift; path = AWNotesApp.swift; sourceTree = "<group>"; };
		BCCA696428E546EE00BE7378 /* ContentView.swift */ = {isa = PBXFileReference; lastKnownFileType = sourcecode.swift; path = ContentView.swift; sourceTree = "<group>"; };
		BCCA696628E546F100BE7378 /* Assets.xcassets */ = {isa = PBXFileReference; lastKnownFileType = folder.assetcatalog; path = Assets.xcassets; sourceTree = "<group>"; };
		BCCA696928E546F100BE7378 /* Preview Assets.xcassets */ = {isa = PBXFileReference; lastKnownFileType = folder.assetcatalog; path = "Preview Assets.xcassets"; sourceTree = "<group>"; };
		BCCA697428E54C1100BE7378 /* Note.swift */ = {isa = PBXFileReference; lastKnownFileType = sourcecode.swift; path = Note.swift; sourceTree = "<group>"; };
		BCCA697628E54DC000BE7378 /* AddNote.swift */ = {isa = PBXFileReference; lastKnownFileType = sourcecode.swift; path = AddNote.swift; sourceTree = "<group>"; };
/* End PBXFileReference section */

/* Begin PBXFrameworksBuildPhase section */
		BCCA695A28E546EE00BE7378 /* Frameworks */ = {
			isa = PBXFrameworksBuildPhase;
			buildActionMask = 2147483647;
			files = (
			);
			runOnlyForDeploymentPostprocessing = 0;
		};
/* End PBXFrameworksBuildPhase section */

/* Begin PBXGroup section */
		BCCA695028E546ED00BE7378 = {
			isa = PBXGroup;
			children = (
				BCCA696128E546EE00BE7378 /* AWNotes Watch App */,
				BCCA695828E546EE00BE7378 /* Products */,
			);
			sourceTree = "<group>";
		};
		BCCA695828E546EE00BE7378 /* Products */ = {
			isa = PBXGroup;
			children = (
				BCCA695728E546EE00BE7378 /* AWNotes.app */,
				BCCA695D28E546EE00BE7378 /* AWNotes Watch App.app */,
			);
			name = Products;
			sourceTree = "<group>";
		};
		BCCA696128E546EE00BE7378 /* AWNotes Watch App */ = {
			isa = PBXGroup;
			children = (
				BCCA696228E546EE00BE7378 /* AWNotesApp.swift */,
				BCCA696428E546EE00BE7378 /* ContentView.swift */,
				BCCA697628E54DC000BE7378 /* AddNote.swift */,
				BCCA697428E54C1100BE7378 /* Note.swift */,
				BCCA696628E546F100BE7378 /* Assets.xcassets */,
				BCCA696828E546F100BE7378 /* Preview Content */,
			);
			path = "AWNotes Watch App";
			sourceTree = "<group>";
		};
		BCCA696828E546F100BE7378 /* Preview Content */ = {
			isa = PBXGroup;
			children = (
				BCCA696928E546F100BE7378 /* Preview Assets.xcassets */,
			);
			path = "Preview Content";
			sourceTree = "<group>";
		};
/* End PBXGroup section */

/* Begin PBXNativeTarget section */
		BCCA695628E546EE00BE7378 /* AWNotes */ = {
			isa = PBXNativeTarget;
			buildConfigurationList = BCCA697128E546F100BE7378 /* Build configuration list for PBXNativeTarget "AWNotes" */;
			buildPhases = (
				BCCA695528E546EE00BE7378 /* Resources */,
				BCCA697028E546F100BE7378 /* Embed Watch Content */,
			);
			buildRules = (
			);
			dependencies = (
				BCCA696028E546EE00BE7378 /* PBXTargetDependency */,
			);
			name = AWNotes;
			productName = AWNotes;
			productReference = BCCA695728E546EE00BE7378 /* AWNotes.app */;
			productType = "com.apple.product-type.application.watchapp2-container";
		};
		BCCA695C28E546EE00BE7378 /* AWNotes Watch App */ = {
			isa = PBXNativeTarget;
			buildConfigurationList = BCCA696D28E546F100BE7378 /* Build configuration list for PBXNativeTarget "AWNotes Watch App" */;
			buildPhases = (
				BCCA695928E546EE00BE7378 /* Sources */,
				BCCA695A28E546EE00BE7378 /* Frameworks */,
				BCCA695B28E546EE00BE7378 /* Resources */,
			);
			buildRules = (
			);
			dependencies = (
			);
			name = "AWNotes Watch App";
			productName = "AWNotes Watch App";
			productReference = BCCA695D28E546EE00BE7378 /* AWNotes Watch App.app */;
			productType = "com.apple.product-type.application";
		};
/* End PBXNativeTarget section */

/* Begin PBXProject section */
		BCCA695128E546ED00BE7378 /* Project object */ = {
			isa = PBXProject;
			attributes = {
				BuildIndependentTargetsInParallel = 1;
				LastSwiftUpdateCheck = 1400;
				LastUpgradeCheck = 1400;
				TargetAttributes = {
					BCCA695628E546EE00BE7378 = {
						CreatedOnToolsVersion = 14.0;
					};
					BCCA695C28E546EE00BE7378 = {
						CreatedOnToolsVersion = 14.0;
					};
				};
			};
			buildConfigurationList = BCCA695428E546ED00BE7378 /* Build configuration list for PBXProject "AWNotes" */;
			compatibilityVersion = "Xcode 14.0";
			developmentRegion = en;
			hasScannedForEncodings = 0;
			knownRegions = (
				en,
				Base,
			);
			mainGroup = BCCA695028E546ED00BE7378;
			productRefGroup = BCCA695828E546EE00BE7378 /* Products */;
			projectDirPath = "";
			projectRoot = "";
			targets = (
				BCCA695628E546EE00BE7378 /* AWNotes */,
				BCCA695C28E546EE00BE7378 /* AWNotes Watch App */,
			);
		};
/* End PBXProject section */

/* Begin PBXResourcesBuildPhase section */
		BCCA695528E546EE00BE7378 /* Resources */ = {
			isa = PBXResourcesBuildPhase;
			buildActionMask = 2147483647;
			files = (
			);
			runOnlyForDeploymentPostprocessing = 0;
		};
		BCCA695B28E546EE00BE7378 /* Resources */ = {
			isa = PBXResourcesBuildPhase;
			buildActionMask = 2147483647;
			files = (
				BCCA696A28E546F100BE7378 /* Preview Assets.xcassets in Resources */,
				BCCA696728E546F100BE7378 /* Assets.xcassets in Resources */,
			);
			runOnlyForDeploymentPostprocessing = 0;
		};
/* End PBXResourcesBuildPhase section */

/* Begin PBXSourcesBuildPhase section */
		BCCA695928E546EE00BE7378 /* Sources */ = {
			isa = PBXSourcesBuildPhase;
			buildActionMask = 2147483647;
			files = (
				BCCA696528E546EE00BE7378 /* ContentView.swift in Sources */,
				BCCA696328E546EE00BE7378 /* AWNotesApp.swift in Sources */,
				BCCA697528E54C1100BE7378 /* Note.swift in Sources */,
				BCCA697728E54DC000BE7378 /* AddNote.swift in Sources */,
			);
			runOnlyForDeploymentPostprocessing = 0;
		};
/* End PBXSourcesBuildPhase section */

/* Begin PBXTargetDependency section */
		BCCA696028E546EE00BE7378 /* PBXTargetDependency */ = {
			isa = PBXTargetDependency;
			target = BCCA695C28E546EE00BE7378 /* AWNotes Watch App */;
			targetProxy = BCCA695F28E546EE00BE7378 /* PBXContainerItemProxy */;
		};
/* End PBXTargetDependency section */

/* Begin XCBuildConfiguration section */
		BCCA696B28E546F100BE7378 /* Debug */ = {
			isa = XCBuildConfiguration;
			buildSettings = {
				ALWAYS_SEARCH_USER_PATHS = NO;
				CLANG_ANALYZER_NONNULL = YES;
				CLANG_ANALYZER_NUMBER_OBJECT_CONVERSION = YES_AGGRESSIVE;
				CLANG_CXX_LANGUAGE_STANDARD = "gnu++20";
				CLANG_ENABLE_MODULES = YES;
				CLANG_ENABLE_OBJC_ARC = YES;
				CLANG_ENABLE_OBJC_WEAK = YES;
				CLANG_WARN_BLOCK_CAPTURE_AUTORELEASING = YES;
				CLANG_WARN_BOOL_CONVERSION = YES;
				CLANG_WARN_COMMA = YES;
				CLANG_WARN_CONSTANT_CONVERSION = YES;
				CLANG_WARN_DEPRECATED_OBJC_IMPLEMENTATIONS = YES;
				CLANG_WARN_DIRECT_OBJC_ISA_USAGE = YES_ERROR;
				CLANG_WARN_DOCUMENTATION_COMMENTS = YES;
				CLANG_WARN_EMPTY_BODY = YES;
				CLANG_WARN_ENUM_CONVERSION = YES;
				CLANG_WARN_INFINITE_RECURSION = YES;
				CLANG_WARN_INT_CONVERSION = YES;
				CLANG_WARN_NON_LITERAL_NULL_CONVERSION = YES;
				CLANG_WARN_OBJC_IMPLICIT_RETAIN_SELF = YES;
				CLANG_WARN_OBJC_LITERAL_CONVERSION = YES;
				CLANG_WARN_OBJC_ROOT_CLASS = YES_ERROR;
				CLANG_WARN_QUOTED_INCLUDE_IN_FRAMEWORK_HEADER = YES;
				CLANG_WARN_RANGE_LOOP_ANALYSIS = YES;
				CLANG_WARN_STRICT_PROTOTYPES = YES;
				CLANG_WARN_SUSPICIOUS_MOVE = YES;
				CLANG_WARN_UNGUARDED_AVAILABILITY = YES_AGGRESSIVE;
				CLANG_WARN_UNREACHABLE_CODE = YES;
				CLANG_WARN__DUPLICATE_METHOD_MATCH = YES;
				COPY_PHASE_STRIP = NO;
				DEBUG_INFORMATION_FORMAT = dwarf;
				ENABLE_STRICT_OBJC_MSGSEND = YES;
				ENABLE_TESTABILITY = YES;
				GCC_C_LANGUAGE_STANDARD = gnu11;
				GCC_DYNAMIC_NO_PIC = NO;
				GCC_NO_COMMON_BLOCKS = YES;
				GCC_OPTIMIZATION_LEVEL = 0;
				GCC_PREPROCESSOR_DEFINITIONS = (
					"DEBUG=1",
					"$(inherited)",
				);
				GCC_WARN_64_TO_32_BIT_CONVERSION = YES;
				GCC_WARN_ABOUT_RETURN_TYPE = YES_ERROR;
				GCC_WARN_UNDECLARED_SELECTOR = YES;
				GCC_WARN_UNINITIALIZED_AUTOS = YES_AGGRESSIVE;
				GCC_WARN_UNUSED_FUNCTION = YES;
				GCC_WARN_UNUSED_VARIABLE = YES;
				MTL_ENABLE_DEBUG_INFO = INCLUDE_SOURCE;
				MTL_FAST_MATH = YES;
				ONLY_ACTIVE_ARCH = YES;
				SWIFT_ACTIVE_COMPILATION_CONDITIONS = DEBUG;
				SWIFT_OPTIMIZATION_LEVEL = "-Onone";
			};
			name = Debug;
		};
		BCCA696C28E546F100BE7378 /* Release */ = {
			isa = XCBuildConfiguration;
			buildSettings = {
				ALWAYS_SEARCH_USER_PATHS = NO;
				CLANG_ANALYZER_NONNULL = YES;
				CLANG_ANALYZER_NUMBER_OBJECT_CONVERSION = YES_AGGRESSIVE;
				CLANG_CXX_LANGUAGE_STANDARD = "gnu++20";
				CLANG_ENABLE_MODULES = YES;
				CLANG_ENABLE_OBJC_ARC = YES;
				CLANG_ENABLE_OBJC_WEAK = YES;
				CLANG_WARN_BLOCK_CAPTURE_AUTORELEASING = YES;
				CLANG_WARN_BOOL_CONVERSION = YES;
				CLANG_WARN_COMMA = YES;
				CLANG_WARN_CONSTANT_CONVERSION = YES;
				CLANG_WARN_DEPRECATED_OBJC_IMPLEMENTATIONS = YES;
				CLANG_WARN_DIRECT_OBJC_ISA_USAGE = YES_ERROR;
				CLANG_WARN_DOCUMENTATION_COMMENTS = YES;
				CLANG_WARN_EMPTY_BODY = YES;
				CLANG_WARN_ENUM_CONVERSION = YES;
				CLANG_WARN_INFINITE_RECURSION = YES;
				CLANG_WARN_INT_CONVERSION = YES;
				CLANG_WARN_NON_LITERAL_NULL_CONVERSION = YES;
				CLANG_WARN_OBJC_IMPLICIT_RETAIN_SELF = YES;
				CLANG_WARN_OBJC_LITERAL_CONVERSION = YES;
				CLANG_WARN_OBJC_ROOT_CLASS = YES_ERROR;
				CLANG_WARN_QUOTED_INCLUDE_IN_FRAMEWORK_HEADER = YES;
				CLANG_WARN_RANGE_LOOP_ANALYSIS = YES;
				CLANG_WARN_STRICT_PROTOTYPES = YES;
				CLANG_WARN_SUSPICIOUS_MOVE = YES;
				CLANG_WARN_UNGUARDED_AVAILABILITY = YES_AGGRESSIVE;
				CLANG_WARN_UNREACHABLE_CODE = YES;
				CLANG_WARN__DUPLICATE_METHOD_MATCH = YES;
				COPY_PHASE_STRIP = NO;
				DEBUG_INFORMATION_FORMAT = "dwarf-with-dsym";
				ENABLE_NS_ASSERTIONS = NO;
				ENABLE_STRICT_OBJC_MSGSEND = YES;
				GCC_C_LANGUAGE_STANDARD = gnu11;
				GCC_NO_COMMON_BLOCKS = YES;
				GCC_WARN_64_TO_32_BIT_CONVERSION = YES;
				GCC_WARN_ABOUT_RETURN_TYPE = YES_ERROR;
				GCC_WARN_UNDECLARED_SELECTOR = YES;
				GCC_WARN_UNINITIALIZED_AUTOS = YES_AGGRESSIVE;
				GCC_WARN_UNUSED_FUNCTION = YES;
				GCC_WARN_UNUSED_VARIABLE = YES;
				MTL_ENABLE_DEBUG_INFO = NO;
				MTL_FAST_MATH = YES;
				SWIFT_COMPILATION_MODE = wholemodule;
				SWIFT_OPTIMIZATION_LEVEL = "-O";
			};
			name = Release;
		};
		BCCA696E28E546F100BE7378 /* Debug */ = {
			isa = XCBuildConfiguration;
			buildSettings = {
				ASSETCATALOG_COMPILER_APPICON_NAME = AppIcon;
				ASSETCATALOG_COMPILER_GLOBAL_ACCENT_COLOR_NAME = AccentColor;
				CODE_SIGN_STYLE = Automatic;
				CURRENT_PROJECT_VERSION = 1;
				DEVELOPMENT_ASSET_PATHS = "\"AWNotes Watch App/Preview Content\"";
				DEVELOPMENT_TEAM = 6K97X3L3WV;
				ENABLE_PREVIEWS = YES;
				GENERATE_INFOPLIST_FILE = YES;
				INFOPLIST_KEY_CFBundleDisplayName = AWNotes;
				INFOPLIST_KEY_UISupportedInterfaceOrientations = "UIInterfaceOrientationPortrait UIInterfaceOrientationPortraitUpsideDown";
				INFOPLIST_KEY_WKWatchOnly = YES;
				LD_RUNPATH_SEARCH_PATHS = (
					"$(inherited)",
					"@executable_path/Frameworks",
				);
				MARKETING_VERSION = 1.0;
				PRODUCT_BUNDLE_IDENTIFIER = com.kevinhomorales.awatchnotes.AWNotes.watchkitapp;
				PRODUCT_NAME = "$(TARGET_NAME)";
				SDKROOT = watchos;
				SKIP_INSTALL = YES;
				SWIFT_EMIT_LOC_STRINGS = YES;
				SWIFT_VERSION = 5.0;
				TARGETED_DEVICE_FAMILY = 4;
				WATCHOS_DEPLOYMENT_TARGET = 9.0;
			};
			name = Debug;
		};
		BCCA696F28E546F100BE7378 /* Release */ = {
			isa = XCBuildConfiguration;
			buildSettings = {
				ASSETCATALOG_COMPILER_APPICON_NAME = AppIcon;
				ASSETCATALOG_COMPILER_GLOBAL_ACCENT_COLOR_NAME = AccentColor;
				CODE_SIGN_STYLE = Automatic;
				CURRENT_PROJECT_VERSION = 1;
				DEVELOPMENT_ASSET_PATHS = "\"AWNotes Watch App/Preview Content\"";
				DEVELOPMENT_TEAM = 6K97X3L3WV;
				ENABLE_PREVIEWS = YES;
				GENERATE_INFOPLIST_FILE = YES;
				INFOPLIST_KEY_CFBundleDisplayName = AWNotes;
				INFOPLIST_KEY_UISupportedInterfaceOrientations = "UIInterfaceOrientationPortrait UIInterfaceOrientationPortraitUpsideDown";
				INFOPLIST_KEY_WKWatchOnly = YES;
				LD_RUNPATH_SEARCH_PATHS = (
					"$(inherited)",
					"@executable_path/Frameworks",
				);
				MARKETING_VERSION = 1.0;
				PRODUCT_BUNDLE_IDENTIFIER = com.kevinhomorales.awatchnotes.AWNotes.watchkitapp;
				PRODUCT_NAME = "$(TARGET_NAME)";
				SDKROOT = watchos;
				SKIP_INSTALL = YES;
				SWIFT_EMIT_LOC_STRINGS = YES;
				SWIFT_VERSION = 5.0;
				TARGETED_DEVICE_FAMILY = 4;
				VALIDATE_PRODUCT = YES;
				WATCHOS_DEPLOYMENT_TARGET = 9.0;
			};
			name = Release;
		};
		BCCA697228E546F100BE7378 /* Debug */ = {
			isa = XCBuildConfiguration;
			buildSettings = {
				ALWAYS_EMBED_SWIFT_STANDARD_LIBRARIES = YES;
				CODE_SIGN_STYLE = Automatic;
				CURRENT_PROJECT_VERSION = 1;
				DEVELOPMENT_TEAM = 6K97X3L3WV;
				INFOPLIST_KEY_CFBundleDisplayName = AWNotes;
				MARKETING_VERSION = 1.0;
				PRODUCT_BUNDLE_IDENTIFIER = com.kevinhomorales.awatchnotes.AWNotes;
				PRODUCT_NAME = "$(TARGET_NAME)";
				SDKROOT = iphoneos;
				SWIFT_VERSION = 5.0;
			};
			name = Debug;
		};
		BCCA697328E546F100BE7378 /* Release */ = {
			isa = XCBuildConfiguration;
			buildSettings = {
				ALWAYS_EMBED_SWIFT_STANDARD_LIBRARIES = YES;
				CODE_SIGN_STYLE = Automatic;
				CURRENT_PROJECT_VERSION = 1;
				DEVELOPMENT_TEAM = 6K97X3L3WV;
				INFOPLIST_KEY_CFBundleDisplayName = AWNotes;
				MARKETING_VERSION = 1.0;
				PRODUCT_BUNDLE_IDENTIFIER = com.kevinhomorales.awatchnotes.AWNotes;
				PRODUCT_NAME = "$(TARGET_NAME)";
				SDKROOT = iphoneos;
				SWIFT_VERSION = 5.0;
				VALIDATE_PRODUCT = YES;
			};
			name = Release;
		};
/* End XCBuildConfiguration section */

/* Begin XCConfigurationList section */
		BCCA695428E546ED00BE7378 /* Build configuration list for PBXProject "AWNotes" */ = {
			isa = XCConfigurationList;
			buildConfigurations = (
				BCCA696B28E546F100BE7378 /* Debug */,
				BCCA696C28E546F100BE7378 /* Release */,
			);
			defaultConfigurationIsVisible = 0;
			defaultConfigurationName = Release;
		};
		BCCA696D28E546F100BE7378 /* Build configuration list for PBXNativeTarget "AWNotes Watch App" */ = {
			isa = XCConfigurationList;
			buildConfigurations = (
				BCCA696E28E546F100BE7378 /* Debug */,
				BCCA696F28E546F100BE7378 /* Release */,
			);
			defaultConfigurationIsVisible = 0;
			defaultConfigurationName = Release;
		};
		BCCA697128E546F100BE7378 /* Build configuration list for PBXNativeTarget "AWNotes" */ = {
			isa = XCConfigurationList;
			buildConfigurations = (
				BCCA697228E546F100BE7378 /* Debug */,
				BCCA697328E546F100BE7378 /* Release */,
			);
			defaultConfigurationIsVisible = 0;
			defaultConfigurationName = Release;
		};
/* End XCConfigurationList section */
	};
	rootObject = BCCA695128E546ED00BE7378 /* Project object */;
}
